
Microsoft Visual Studio Solution File, Format Version 12.00
# Visual Studio 15
VisualStudioVersion = 15.0.26730.16
MinimumVisualStudioVersion = 10.0.40219.1
Project("{FAE04EC0-301F-11D3-BF4B-00C04F79EFBC}") = "GenericRepository", "GenericRepository\GenericRepository.csproj", "{EF31A327-A28D-4DBE-ACFC-2A813BC0282E}"
EndProject
Global
	GlobalSection(SolutionConfigurationPlatforms) = preSolution
		Debug|Any CPU = Debug|Any CPU
		Release|Any CPU = Release|Any CPU
	EndGlobalSection
	GlobalSection(ProjectConfigurationPlatforms) = postSolution
		{EF31A327-A28D-4DBE-ACFC-2A813BC0282E}.Debug|Any CPU.ActiveCfg = Debug|Any CPU
		{EF31A327-A28D-4DBE-ACFC-2A813BC0282E}.Debug|Any CPU.Build.0 = Debug|Any CPU
		{EF31A327-A28D-4DBE-ACFC-2A813BC0282E}.Release|Any CPU.ActiveCfg = Release|Any CPU
		{EF31A327-A28D-4DBE-ACFC-2A813BC0282E}.Release|Any CPU.Build.0 = Release|Any CPU
	EndGlobalSection
	GlobalSection(SolutionProperties) = preSolution
		HideSolutionNode = FALSE
	EndGlobalSection
	GlobalSection(ExtensibilityGlobals) = postSolution
		SolutionGuid = {4FFB9F95-D497-4922-831C-202160D0A19E}
	EndGlobalSection
EndGlobal
